
Microsoft Visual Studio Solution File, Format Version 12.00
# Visual Studio Version 17
VisualStudioVersion = 17.9.34622.214
MinimumVisualStudioVersion = 10.0.40219.1
Project("{FAE04EC0-301F-11D3-BF4B-00C04F79EFBC}") = "ArduinoAppControlLEDReadTem", "ArduinoAppControlLEDReadTem\ArduinoAppControlLEDReadTem.csproj", "{BA9A19F9-6EC9-4E37-B535-4A8A67234DB4}"
EndProject
Global
	GlobalSection(SolutionConfigurationPlatforms) = preSolution
		Debug|Any CPU = Debug|Any CPU
		Release|Any CPU = Release|Any CPU
	EndGlobalSection
	GlobalSection(ProjectConfigurationPlatforms) = postSolution
		{BA9A19F9-6EC9-4E37-B535-4A8A67234DB4}.Debug|Any CPU.ActiveCfg = Debug|Any CPU
		{BA9A19F9-6EC9-4E37-B535-4A8A67234DB4}.Debug|Any CPU.Build.0 = Debug|Any CPU
		{BA9A19F9-6EC9-4E37-B535-4A8A67234DB4}.Release|Any CPU.ActiveCfg = Release|Any CPU
		{BA9A19F9-6EC9-4E37-B535-4A8A67234DB4}.Release|Any CPU.Build.0 = Release|Any CPU
	EndGlobalSection
	GlobalSection(SolutionProperties) = preSolution
		HideSolutionNode = FALSE
	EndGlobalSection
	GlobalSection(ExtensibilityGlobals) = postSolution
		SolutionGuid = {DECCAC45-F9A2-4145-89BC-FC4B6423A5F8}
	EndGlobalSection
EndGlobal
